// !$*UTF8*$!
{
	archiveVersion = 1;
	classes = {
	};
	objectVersion = 46;
	objects = {

/* Begin PBXBuildFile section */
		1011AFE81E3303DB0095AB46 /* main.m in Sources */ = {isa = PBXBuildFile; fileRef = 1011AFE71E3303DB0095AB46 /* main.m */; };
		1011AFEB1E3303DB0095AB46 /* AppDelegate.m in Sources */ = {isa = PBXBuildFile; fileRef = 1011AFEA1E3303DB0095AB46 /* AppDelegate.m */; };
		1011AFEE1E3303DB0095AB46 /* ViewController.m in Sources */ = {isa = PBXBuildFile; fileRef = 1011AFED1E3303DB0095AB46 /* ViewController.m */; };
		1011AFF11E3303DB0095AB46 /* Main.storyboard in Resources */ = {isa = PBXBuildFile; fileRef = 1011AFEF1E3303DB0095AB46 /* Main.storyboard */; };
		1011AFF31E3303DB0095AB46 /* Assets.xcassets in Resources */ = {isa = PBXBuildFile; fileRef = 1011AFF21E3303DB0095AB46 /* Assets.xcassets */; };
		1011AFF61E3303DC0095AB46 /* LaunchScreen.storyboard in Resources */ = {isa = PBXBuildFile; fileRef = 1011AFF41E3303DC0095AB46 /* LaunchScreen.storyboard */; };
		1011AFFF1E3304490095AB46 /* MessageSender.m in Sources */ = {isa = PBXBuildFile; fileRef = 1011AFFE1E3304490095AB46 /* MessageSender.m */; };
		10A26FB41E34526B00AC5293 /* Utility.m in Sources */ = {isa = PBXBuildFile; fileRef = 10A26FB31E34526B00AC5293 /* Utility.m */; };
		10A26FB61E345C6800AC5293 /* LoggerWatcher.m in Sources */ = {isa = PBXBuildFile; fileRef = 10A26FB51E345C6800AC5293 /* LoggerWatcher.m */; };
/* End PBXBuildFile section */

/* Begin PBXFileReference section */
		1011AFE31E3303DB0095AB46 /* statlibrary.app */ = {isa = PBXFileReference; explicitFileType = wrapper.application; includeInIndex = 0; path = statlibrary.app; sourceTree = BUILT_PRODUCTS_DIR; };
		1011AFE71E3303DB0095AB46 /* main.m */ = {isa = PBXFileReference; lastKnownFileType = sourcecode.c.objc; path = main.m; sourceTree = "<group>"; };
		1011AFE91E3303DB0095AB46 /* AppDelegate.h */ = {isa = PBXFileReference; lastKnownFileType = sourcecode.c.h; path = AppDelegate.h; sourceTree = "<group>"; };
		1011AFEA1E3303DB0095AB46 /* AppDelegate.m */ = {isa = PBXFileReference; lastKnownFileType = sourcecode.c.objc; path = AppDelegate.m; sourceTree = "<group>"; };
		1011AFEC1E3303DB0095AB46 /* ViewController.h */ = {isa = PBXFileReference; lastKnownFileType = sourcecode.c.h; path = ViewController.h; sourceTree = "<group>"; };
		1011AFED1E3303DB0095AB46 /* ViewController.m */ = {isa = PBXFileReference; lastKnownFileType = sourcecode.c.objc; path = ViewController.m; sourceTree = "<group>"; };
		1011AFF01E3303DB0095AB46 /* Base */ = {isa = PBXFileReference; lastKnownFileType = file.storyboard; name = Base; path = Base.lproj/Main.storyboard; sourceTree = "<group>"; };
		1011AFF21E3303DB0095AB46 /* Assets.xcassets */ = {isa = PBXFileReference; lastKnownFileType = folder.assetcatalog; path = Assets.xcassets; sourceTree = "<group>"; };
		1011AFF51E3303DC0095AB46 /* Base */ = {isa = PBXFileReference; lastKnownFileType = file.storyboard; name = Base; path = Base.lproj/LaunchScreen.storyboard; sourceTree = "<group>"; };
		1011AFF71E3303DC0095AB46 /* Info.plist */ = {isa = PBXFileReference; lastKnownFileType = text.plist.xml; path = Info.plist; sourceTree = "<group>"; };
		1011AFFE1E3304490095AB46 /* MessageSender.m */ = {isa = PBXFileReference; fileEncoding = 4; lastKnownFileType = sourcecode.c.objc; name = MessageSender.m; path = stat/MessageSender.m; sourceTree = "<group>"; };
		1011B0001E33049E0095AB46 /* MessageSender.h */ = {isa = PBXFileReference; lastKnownFileType = sourcecode.c.h; name = MessageSender.h; path = stat/MessageSender.h; sourceTree = "<group>"; };
		1011B0011E3362440095AB46 /* LoggerWatcher.h */ = {isa = PBXFileReference; lastKnownFileType = sourcecode.c.h; name = LoggerWatcher.h; path = stat/LoggerWatcher.h; sourceTree = "<group>"; };
		10A26FB21E34526B00AC5293 /* Utility.h */ = {isa = PBXFileReference; fileEncoding = 4; lastKnownFileType = sourcecode.c.h; name = Utility.h; path = stat/Utility.h; sourceTree = "<group>"; };
		10A26FB31E34526B00AC5293 /* Utility.m */ = {isa = PBXFileReference; fileEncoding = 4; lastKnownFileType = sourcecode.c.objc; name = Utility.m; path = stat/Utility.m; sourceTree = "<group>"; };
		10A26FB51E345C6800AC5293 /* LoggerWatcher.m */ = {isa = PBXFileReference; fileEncoding = 4; lastKnownFileType = sourcecode.c.objc; name = LoggerWatcher.m; path = stat/LoggerWatcher.m; sourceTree = "<group>"; };
/* End PBXFileReference section */

/* Begin PBXFrameworksBuildPhase section */
		1011AFE01E3303D80095AB46 /* Frameworks */ = {
			isa = PBXFrameworksBuildPhase;
			buildActionMask = 2147483647;
			files = (
			);
			runOnlyForDeploymentPostprocessing = 0;
		};
/* End PBXFrameworksBuildPhase section */

/* Begin PBXGroup section */
		1011AFDA1E3303D80095AB46 = {
			isa = PBXGroup;
			children = (
				1011AFFD1E3303F00095AB46 /* stat */,
				1011AFE51E3303DB0095AB46 /* statlibrary */,
				1011AFE41E3303DB0095AB46 /* Products */,
			);
			sourceTree = "<group>";
		};
		1011AFE41E3303DB0095AB46 /* Products */ = {
			isa = PBXGroup;
			children = (
				1011AFE31E3303DB0095AB46 /* statlibrary.app */,
			);
			name = Products;
			sourceTree = "<group>";
		};
		1011AFE51E3303DB0095AB46 /* statlibrary */ = {
			isa = PBXGroup;
			children = (
				1011AFE91E3303DB0095AB46 /* AppDelegate.h */,
				1011AFEA1E3303DB0095AB46 /* AppDelegate.m */,
				1011AFEC1E3303DB0095AB46 /* ViewController.h */,
				1011AFED1E3303DB0095AB46 /* ViewController.m */,
				1011AFEF1E3303DB0095AB46 /* Main.storyboard */,
				1011AFF21E3303DB0095AB46 /* Assets.xcassets */,
				1011AFF41E3303DC0095AB46 /* LaunchScreen.storyboard */,
				1011AFF71E3303DC0095AB46 /* Info.plist */,
				1011AFE61E3303DB0095AB46 /* Supporting Files */,
			);
			path = statlibrary;
			sourceTree = "<group>";
		};
		1011AFE61E3303DB0095AB46 /* Supporting Files */ = {
			isa = PBXGroup;
			children = (
				1011AFE71E3303DB0095AB46 /* main.m */,
			);
			name = "Supporting Files";
			sourceTree = "<group>";
		};
		1011AFFD1E3303F00095AB46 /* stat */ = {
			isa = PBXGroup;
			children = (
				1011AFFE1E3304490095AB46 /* MessageSender.m */,
				1011B0001E33049E0095AB46 /* MessageSender.h */,
				1011B0011E3362440095AB46 /* LoggerWatcher.h */,
				10A26FB51E345C6800AC5293 /* LoggerWatcher.m */,
				10A26FB21E34526B00AC5293 /* Utility.h */,
				10A26FB31E34526B00AC5293 /* Utility.m */,
			);
			name = stat;
			sourceTree = "<group>";
		};
/* End PBXGroup section */

/* Begin PBXNativeTarget section */
		1011AFE21E3303D80095AB46 /* statlibrary */ = {
			isa = PBXNativeTarget;
			buildConfigurationList = 1011AFFA1E3303DC0095AB46 /* Build configuration list for PBXNativeTarget "statlibrary" */;
			buildPhases = (
				1011AFDF1E3303D80095AB46 /* Sources */,
				1011AFE01E3303D80095AB46 /* Frameworks */,
				1011AFE11E3303D80095AB46 /* Resources */,
			);
			buildRules = (
			);
			dependencies = (
			);
			name = statlibrary;
			productName = statlibrary;
			productReference = 1011AFE31E3303DB0095AB46 /* statlibrary.app */;
			productType = "com.apple.product-type.application";
		};
/* End PBXNativeTarget section */

/* Begin PBXProject section */
		1011AFDB1E3303D80095AB46 /* Project object */ = {
			isa = PBXProject;
			attributes = {
				LastUpgradeCheck = 0820;
				ORGANIZATIONNAME = osx;
				TargetAttributes = {
					1011AFE21E3303D80095AB46 = {
						CreatedOnToolsVersion = 8.2.1;
						ProvisioningStyle = Automatic;
					};
				};
			};
			buildConfigurationList = 1011AFDE1E3303D80095AB46 /* Build configuration list for PBXProject "statlibrary" */;
			compatibilityVersion = "Xcode 3.2";
			developmentRegion = English;
			hasScannedForEncodings = 0;
			knownRegions = (
				en,
				Base,
			);
			mainGroup = 1011AFDA1E3303D80095AB46;
			productRefGroup = 1011AFE41E3303DB0095AB46 /* Products */;
			projectDirPath = "";
			projectRoot = "";
			targets = (
				1011AFE21E3303D80095AB46 /* statlibrary */,
			);
		};
/* End PBXProject section */

/* Begin PBXResourcesBuildPhase section */
		1011AFE11E3303D80095AB46 /* Resources */ = {
			isa = PBXResourcesBuildPhase;
			buildActionMask = 2147483647;
			files = (
				1011AFF61E3303DC0095AB46 /* LaunchScreen.storyboard in Resources */,
				1011AFF31E3303DB0095AB46 /* Assets.xcassets in Resources */,
				1011AFF11E3303DB0095AB46 /* Main.storyboard in Resources */,
			);
			runOnlyForDeploymentPostprocessing = 0;
		};
/* End PBXResourcesBuildPhase section */

/* Begin PBXSourcesBuildPhase section */
		1011AFDF1E3303D80095AB46 /* Sources */ = {
			isa = PBXSourcesBuildPhase;
			buildActionMask = 2147483647;
			files = (
				1011AFFF1E3304490095AB46 /* MessageSender.m in Sources */,
				1011AFEE1E3303DB0095AB46 /* ViewController.m in Sources */,
				10A26FB41E34526B00AC5293 /* Utility.m in Sources */,
				1011AFEB1E3303DB0095AB46 /* AppDelegate.m in Sources */,
				10A26FB61E345C6800AC5293 /* LoggerWatcher.m in Sources */,
				1011AFE81E3303DB0095AB46 /* main.m in Sources */,
			);
			runOnlyForDeploymentPostprocessing = 0;
		};
/* End PBXSourcesBuildPhase section */

/* Begin PBXVariantGroup section */
		1011AFEF1E3303DB0095AB46 /* Main.storyboard */ = {
			isa = PBXVariantGroup;
			children = (
				1011AFF01E3303DB0095AB46 /* Base */,
			);
			name = Main.storyboard;
			sourceTree = "<group>";
		};
		1011AFF41E3303DC0095AB46 /* LaunchScreen.storyboard */ = {
			isa = PBXVariantGroup;
			children = (
				1011AFF51E3303DC0095AB46 /* Base */,
			);
			name = LaunchScreen.storyboard;
			sourceTree = "<group>";
		};
/* End PBXVariantGroup section */

/* Begin XCBuildConfiguration section */
		1011AFF81E3303DC0095AB46 /* Debug */ = {
			isa = XCBuildConfiguration;
			buildSettings = {
				ALWAYS_SEARCH_USER_PATHS = NO;
				CLANG_ANALYZER_NONNULL = YES;
				CLANG_CXX_LANGUAGE_STANDARD = "gnu++0x";
				CLANG_CXX_LIBRARY = "libc++";
				CLANG_ENABLE_MODULES = YES;
				CLANG_ENABLE_OBJC_ARC = YES;
				CLANG_WARN_BOOL_CONVERSION = YES;
				CLANG_WARN_CONSTANT_CONVERSION = YES;
				CLANG_WARN_DIRECT_OBJC_ISA_USAGE = YES_ERROR;
				CLANG_WARN_DOCUMENTATION_COMMENTS = YES;
				CLANG_WARN_EMPTY_BODY = YES;
				CLANG_WARN_ENUM_CONVERSION = YES;
				CLANG_WARN_INFINITE_RECURSION = YES;
				CLANG_WARN_INT_CONVERSION = YES;
				CLANG_WARN_OBJC_ROOT_CLASS = YES_ERROR;
				CLANG_WARN_SUSPICIOUS_MOVE = YES;
				CLANG_WARN_UNREACHABLE_CODE = YES;
				CLANG_WARN__DUPLICATE_METHOD_MATCH = YES;
				"CODE_SIGN_IDENTITY[sdk=iphoneos*]" = "iPhone Developer";
				COPY_PHASE_STRIP = NO;
				DEBUG_INFORMATION_FORMAT = dwarf;
				ENABLE_STRICT_OBJC_MSGSEND = YES;
				ENABLE_TESTABILITY = YES;
				GCC_C_LANGUAGE_STANDARD = gnu99;
				GCC_DYNAMIC_NO_PIC = NO;
				GCC_NO_COMMON_BLOCKS = YES;
				GCC_OPTIMIZATION_LEVEL = 0;
				GCC_PREPROCESSOR_DEFINITIONS = (
					"DEBUG=1",
					"$(inherited)",
				);
				GCC_WARN_64_TO_32_BIT_CONVERSION = YES;
				GCC_WARN_ABOUT_RETURN_TYPE = YES_ERROR;
				GCC_WARN_UNDECLARED_SELECTOR = YES;
				GCC_WARN_UNINITIALIZED_AUTOS = YES_AGGRESSIVE;
				GCC_WARN_UNUSED_FUNCTION = YES;
				GCC_WARN_UNUSED_VARIABLE = YES;
				IPHONEOS_DEPLOYMENT_TARGET = 10.2;
				MTL_ENABLE_DEBUG_INFO = YES;
				ONLY_ACTIVE_ARCH = YES;
				SDKROOT = iphoneos;
			};
			name = Debug;
		};
		1011AFF91E3303DC0095AB46 /* Release */ = {
			isa = XCBuildConfiguration;
			buildSettings = {
				ALWAYS_SEARCH_USER_PATHS = NO;
				CLANG_ANALYZER_NONNULL = YES;
				CLANG_CXX_LANGUAGE_STANDARD = "gnu++0x";
				CLANG_CXX_LIBRARY = "libc++";
				CLANG_ENABLE_MODULES = YES;
				CLANG_ENABLE_OBJC_ARC = YES;
				CLANG_WARN_BOOL_CONVERSION = YES;
				CLANG_WARN_CONSTANT_CONVERSION = YES;
				CLANG_WARN_DIRECT_OBJC_ISA_USAGE = YES_ERROR;
				CLANG_WARN_DOCUMENTATION_COMMENTS = YES;
				CLANG_WARN_EMPTY_BODY = YES;
				CLANG_WARN_ENUM_CONVERSION = YES;
				CLANG_WARN_INFINITE_RECURSION = YES;
				CLANG_WARN_INT_CONVERSION = YES;
				CLANG_WARN_OBJC_ROOT_CLASS = YES_ERROR;
				CLANG_WARN_SUSPICIOUS_MOVE = YES;
				CLANG_WARN_UNREACHABLE_CODE = YES;
				CLANG_WARN__DUPLICATE_METHOD_MATCH = YES;
				"CODE_SIGN_IDENTITY[sdk=iphoneos*]" = "iPhone Developer";
				COPY_PHASE_STRIP = NO;
				DEBUG_INFORMATION_FORMAT = "dwarf-with-dsym";
				ENABLE_NS_ASSERTIONS = NO;
				ENABLE_STRICT_OBJC_MSGSEND = YES;
				GCC_C_LANGUAGE_STANDARD = gnu99;
				GCC_NO_COMMON_BLOCKS = YES;
				GCC_WARN_64_TO_32_BIT_CONVERSION = YES;
				GCC_WARN_ABOUT_RETURN_TYPE = YES_ERROR;
				GCC_WARN_UNDECLARED_SELECTOR = YES;
				GCC_WARN_UNINITIALIZED_AUTOS = YES_AGGRESSIVE;
				GCC_WARN_UNUSED_FUNCTION = YES;
				GCC_WARN_UNUSED_VARIABLE = YES;
				IPHONEOS_DEPLOYMENT_TARGET = 10.2;
				MTL_ENABLE_DEBUG_INFO = NO;
				SDKROOT = iphoneos;
				VALIDATE_PRODUCT = YES;
			};
			name = Release;
		};
		1011AFFB1E3303DC0095AB46 /* Debug */ = {
			isa = XCBuildConfiguration;
			buildSettings = {
				ASSETCATALOG_COMPILER_APPICON_NAME = AppIcon;
				INFOPLIST_FILE = statlibrary/Info.plist;
				LD_RUNPATH_SEARCH_PATHS = "$(inherited) @executable_path/Frameworks";
				PRODUCT_BUNDLE_IDENTIFIER = com.boss.stat.statlibrary;
				PRODUCT_NAME = "$(TARGET_NAME)";
			};
			name = Debug;
		};
		1011AFFC1E3303DC0095AB46 /* Release */ = {
			isa = XCBuildConfiguration;
			buildSettings = {
				ASSETCATALOG_COMPILER_APPICON_NAME = AppIcon;
				INFOPLIST_FILE = statlibrary/Info.plist;
				LD_RUNPATH_SEARCH_PATHS = "$(inherited) @executable_path/Frameworks";
				PRODUCT_BUNDLE_IDENTIFIER = com.boss.stat.statlibrary;
				PRODUCT_NAME = "$(TARGET_NAME)";
			};
			name = Release;
		};
/* End XCBuildConfiguration section */

/* Begin XCConfigurationList section */
		1011AFDE1E3303D80095AB46 /* Build configuration list for PBXProject "statlibrary" */ = {
			isa = XCConfigurationList;
			buildConfigurations = (
				1011AFF81E3303DC0095AB46 /* Debug */,
				1011AFF91E3303DC0095AB46 /* Release */,
			);
			defaultConfigurationIsVisible = 0;
			defaultConfigurationName = Release;
		};
		1011AFFA1E3303DC0095AB46 /* Build configuration list for PBXNativeTarget "statlibrary" */ = {
			isa = XCConfigurationList;
			buildConfigurations = (
				1011AFFB1E3303DC0095AB46 /* Debug */,
				1011AFFC1E3303DC0095AB46 /* Release */,
			);
			defaultConfigurationIsVisible = 0;
			defaultConfigurationName = Release;
		};
/* End XCConfigurationList section */
	};
	rootObject = 1011AFDB1E3303D80095AB46 /* Project object */;
}
